
Microsoft Visual Studio Solution File, Format Version 12.00
# Visual Studio Version 17
VisualStudioVersion = 17.0.31903.59
MinimumVisualStudioVersion = 10.0.40219.1
Project("{2150E333-8FDC-42A3-9474-1A3956D46DE8}") = "src", "src", "{827E0CD3-B72D-47B6-A68D-7590B98EB39B}"
EndProject
Project("{FAE04EC0-301F-11D3-BF4B-00C04F79EFBC}") = "Base.API", "src\Base.API\Base.API.csproj", "{5AF42C32-8AC6-4A5B-8A6A-BEB4A4FACEBF}"
EndProject
Project("{FAE04EC0-301F-11D3-BF4B-00C04F79EFBC}") = "Base.Application", "src\Base.Application\Base.Application.csproj", "{24B7CFD3-EDE6-40A6-9296-0FD5D9523E26}"
EndProject
Project("{FAE04EC0-301F-11D3-BF4B-00C04F79EFBC}") = "Base.Domain", "src\Base.Domain\Base.Domain.csproj", "{CA288567-B8B3-4228-BBE2-9887170CA053}"
EndProject
Project("{FAE04EC0-301F-11D3-BF4B-00C04F79EFBC}") = "Base.Infrastructure", "src\Base.Infrastructure\Base.Infrastructure.csproj", "{A36A1CE3-6FB7-475D-BACC-7BAFD578A4F6}"
EndProject
Project("{2150E333-8FDC-42A3-9474-1A3956D46DE8}") = "tests", "tests", "{0AB3BF05-4346-4AA6-1389-037BE0695223}"
EndProject
Project("{FAE04EC0-301F-11D3-BF4B-00C04F79EFBC}") = "Base.Domain.Tests", "tests\Base.Domain.Tests\Base.Domain.Tests.csproj", "{02637E8A-3C54-4E6A-B6A6-057C0C7756C4}"
EndProject
Project("{FAE04EC0-301F-11D3-BF4B-00C04F79EFBC}") = "Base.Application.Tests", "tests\Base.Application.Tests\Base.Application.Tests.csproj", "{58E68497-4E34-4157-8E33-E9D0FF5D0ACF}"
EndProject
Global
	GlobalSection(SolutionConfigurationPlatforms) = preSolution
		Debug|Any CPU = Debug|Any CPU
		Debug|x64 = Debug|x64
		Debug|x86 = Debug|x86
		Release|Any CPU = Release|Any CPU
		Release|x64 = Release|x64
		Release|x86 = Release|x86
	EndGlobalSection
	GlobalSection(ProjectConfigurationPlatforms) = postSolution
		{5AF42C32-8AC6-4A5B-8A6A-BEB4A4FACEBF}.Debug|Any CPU.ActiveCfg = Debug|Any CPU
		{5AF42C32-8AC6-4A5B-8A6A-BEB4A4FACEBF}.Debug|Any CPU.Build.0 = Debug|Any CPU
		{5AF42C32-8AC6-4A5B-8A6A-BEB4A4FACEBF}.Debug|x64.ActiveCfg = Debug|Any CPU
		{5AF42C32-8AC6-4A5B-8A6A-BEB4A4FACEBF}.Debug|x64.Build.0 = Debug|Any CPU
		{5AF42C32-8AC6-4A5B-8A6A-BEB4A4FACEBF}.Debug|x86.ActiveCfg = Debug|Any CPU
		{5AF42C32-8AC6-4A5B-8A6A-BEB4A4FACEBF}.Debug|x86.Build.0 = Debug|Any CPU
		{5AF42C32-8AC6-4A5B-8A6A-BEB4A4FACEBF}.Release|Any CPU.ActiveCfg = Release|Any CPU
		{5AF42C32-8AC6-4A5B-8A6A-BEB4A4FACEBF}.Release|Any CPU.Build.0 = Release|Any CPU
		{5AF42C32-8AC6-4A5B-8A6A-BEB4A4FACEBF}.Release|x64.ActiveCfg = Release|Any CPU
		{5AF42C32-8AC6-4A5B-8A6A-BEB4A4FACEBF}.Release|x64.Build.0 = Release|Any CPU
		{5AF42C32-8AC6-4A5B-8A6A-BEB4A4FACEBF}.Release|x86.ActiveCfg = Release|Any CPU
		{5AF42C32-8AC6-4A5B-8A6A-BEB4A4FACEBF}.Release|x86.Build.0 = Release|Any CPU
		{24B7CFD3-EDE6-40A6-9296-0FD5D9523E26}.Debug|Any CPU.ActiveCfg = Debug|Any CPU
		{24B7CFD3-EDE6-40A6-9296-0FD5D9523E26}.Debug|Any CPU.Build.0 = Debug|Any CPU
		{24B7CFD3-EDE6-40A6-9296-0FD5D9523E26}.Debug|x64.ActiveCfg = Debug|Any CPU
		{24B7CFD3-EDE6-40A6-9296-0FD5D9523E26}.Debug|x64.Build.0 = Debug|Any CPU
		{24B7CFD3-EDE6-40A6-9296-0FD5D9523E26}.Debug|x86.ActiveCfg = Debug|Any CPU
		{24B7CFD3-EDE6-40A6-9296-0FD5D9523E26}.Debug|x86.Build.0 = Debug|Any CPU
		{24B7CFD3-EDE6-40A6-9296-0FD5D9523E26}.Release|Any CPU.ActiveCfg = Release|Any CPU
		{24B7CFD3-EDE6-40A6-9296-0FD5D9523E26}.Release|Any CPU.Build.0 = Release|Any CPU
		{24B7CFD3-EDE6-40A6-9296-0FD5D9523E26}.Release|x64.ActiveCfg = Release|Any CPU
		{24B7CFD3-EDE6-40A6-9296-0FD5D9523E26}.Release|x64.Build.0 = Release|Any CPU
		{24B7CFD3-EDE6-40A6-9296-0FD5D9523E26}.Release|x86.ActiveCfg = Release|Any CPU
		{24B7CFD3-EDE6-40A6-9296-0FD5D9523E26}.Release|x86.Build.0 = Release|Any CPU
		{CA288567-B8B3-4228-BBE2-9887170CA053}.Debug|Any CPU.ActiveCfg = Debug|Any CPU
		{CA288567-B8B3-4228-BBE2-9887170CA053}.Debug|Any CPU.Build.0 = Debug|Any CPU
		{CA288567-B8B3-4228-BBE2-9887170CA053}.Debug|x64.ActiveCfg = Debug|Any CPU
		{CA288567-B8B3-4228-BBE2-9887170CA053}.Debug|x64.Build.0 = Debug|Any CPU
		{CA288567-B8B3-4228-BBE2-9887170CA053}.Debug|x86.ActiveCfg = Debug|Any CPU
		{CA288567-B8B3-4228-BBE2-9887170CA053}.Debug|x86.Build.0 = Debug|Any CPU
		{CA288567-B8B3-4228-BBE2-9887170CA053}.Release|Any CPU.ActiveCfg = Release|Any CPU
		{CA288567-B8B3-4228-BBE2-9887170CA053}.Release|Any CPU.Build.0 = Release|Any CPU
		{CA288567-B8B3-4228-BBE2-9887170CA053}.Release|x64.ActiveCfg = Release|Any CPU
		{CA288567-B8B3-4228-BBE2-9887170CA053}.Release|x64.Build.0 = Release|Any CPU
		{CA288567-B8B3-4228-BBE2-9887170CA053}.Release|x86.ActiveCfg = Release|Any CPU
		{CA288567-B8B3-4228-BBE2-9887170CA053}.Release|x86.Build.0 = Release|Any CPU
		{A36A1CE3-6FB7-475D-BACC-7BAFD578A4F6}.Debug|Any CPU.ActiveCfg = Debug|Any CPU
		{A36A1CE3-6FB7-475D-BACC-7BAFD578A4F6}.Debug|Any CPU.Build.0 = Debug|Any CPU
		{A36A1CE3-6FB7-475D-BACC-7BAFD578A4F6}.Debug|x64.ActiveCfg = Debug|Any CPU
		{A36A1CE3-6FB7-475D-BACC-7BAFD578A4F6}.Debug|x64.Build.0 = Debug|Any CPU
		{A36A1CE3-6FB7-475D-BACC-7BAFD578A4F6}.Debug|x86.ActiveCfg = Debug|Any CPU
		{A36A1CE3-6FB7-475D-BACC-7BAFD578A4F6}.Debug|x86.Build.0 = Debug|Any CPU
		{A36A1CE3-6FB7-475D-BACC-7BAFD578A4F6}.Release|Any CPU.ActiveCfg = Release|Any CPU
		{A36A1CE3-6FB7-475D-BACC-7BAFD578A4F6}.Release|Any CPU.Build.0 = Release|Any CPU
		{A36A1CE3-6FB7-475D-BACC-7BAFD578A4F6}.Release|x64.ActiveCfg = Release|Any CPU
		{A36A1CE3-6FB7-475D-BACC-7BAFD578A4F6}.Release|x64.Build.0 = Release|Any CPU
		{A36A1CE3-6FB7-475D-BACC-7BAFD578A4F6}.Release|x86.ActiveCfg = Release|Any CPU
		{A36A1CE3-6FB7-475D-BACC-7BAFD578A4F6}.Release|x86.Build.0 = Release|Any CPU
		{02637E8A-3C54-4E6A-B6A6-057C0C7756C4}.Debug|Any CPU.ActiveCfg = Debug|Any CPU
		{02637E8A-3C54-4E6A-B6A6-057C0C7756C4}.Debug|Any CPU.Build.0 = Debug|Any CPU
		{02637E8A-3C54-4E6A-B6A6-057C0C7756C4}.Debug|x64.ActiveCfg = Debug|Any CPU
		{02637E8A-3C54-4E6A-B6A6-057C0C7756C4}.Debug|x64.Build.0 = Debug|Any CPU
		{02637E8A-3C54-4E6A-B6A6-057C0C7756C4}.Debug|x86.ActiveCfg = Debug|Any CPU
		{02637E8A-3C54-4E6A-B6A6-057C0C7756C4}.Debug|x86.Build.0 = Debug|Any CPU
		{02637E8A-3C54-4E6A-B6A6-057C0C7756C4}.Release|Any CPU.ActiveCfg = Release|Any CPU
		{02637E8A-3C54-4E6A-B6A6-057C0C7756C4}.Release|Any CPU.Build.0 = Release|Any CPU
		{02637E8A-3C54-4E6A-B6A6-057C0C7756C4}.Release|x64.ActiveCfg = Release|Any CPU
		{02637E8A-3C54-4E6A-B6A6-057C0C7756C4}.Release|x64.Build.0 = Release|Any CPU
		{02637E8A-3C54-4E6A-B6A6-057C0C7756C4}.Release|x86.ActiveCfg = Release|Any CPU
		{02637E8A-3C54-4E6A-B6A6-057C0C7756C4}.Release|x86.Build.0 = Release|Any CPU
		{58E68497-4E34-4157-8E33-E9D0FF5D0ACF}.Debug|Any CPU.ActiveCfg = Debug|Any CPU
		{58E68497-4E34-4157-8E33-E9D0FF5D0ACF}.Debug|Any CPU.Build.0 = Debug|Any CPU
		{58E68497-4E34-4157-8E33-E9D0FF5D0ACF}.Debug|x64.ActiveCfg = Debug|Any CPU
		{58E68497-4E34-4157-8E33-E9D0FF5D0ACF}.Debug|x64.Build.0 = Debug|Any CPU
		{58E68497-4E34-4157-8E33-E9D0FF5D0ACF}.Debug|x86.ActiveCfg = Debug|Any CPU
		{58E68497-4E34-4157-8E33-E9D0FF5D0ACF}.Debug|x86.Build.0 = Debug|Any CPU
		{58E68497-4E34-4157-8E33-E9D0FF5D0ACF}.Release|Any CPU.ActiveCfg = Release|Any CPU
		{58E68497-4E34-4157-8E33-E9D0FF5D0ACF}.Release|Any CPU.Build.0 = Release|Any CPU
		{58E68497-4E34-4157-8E33-E9D0FF5D0ACF}.Release|x64.ActiveCfg = Release|Any CPU
		{58E68497-4E34-4157-8E33-E9D0FF5D0ACF}.Release|x64.Build.0 = Release|Any CPU
		{58E68497-4E34-4157-8E33-E9D0FF5D0ACF}.Release|x86.ActiveCfg = Release|Any CPU
		{58E68497-4E34-4157-8E33-E9D0FF5D0ACF}.Release|x86.Build.0 = Release|Any CPU
	EndGlobalSection
	GlobalSection(SolutionProperties) = preSolution
		HideSolutionNode = FALSE
	EndGlobalSection
	GlobalSection(NestedProjects) = preSolution
		{5AF42C32-8AC6-4A5B-8A6A-BEB4A4FACEBF} = {827E0CD3-B72D-47B6-A68D-7590B98EB39B}
		{24B7CFD3-EDE6-40A6-9296-0FD5D9523E26} = {827E0CD3-B72D-47B6-A68D-7590B98EB39B}
		{CA288567-B8B3-4228-BBE2-9887170CA053} = {827E0CD3-B72D-47B6-A68D-7590B98EB39B}
		{A36A1CE3-6FB7-475D-BACC-7BAFD578A4F6} = {827E0CD3-B72D-47B6-A68D-7590B98EB39B}
		{02637E8A-3C54-4E6A-B6A6-057C0C7756C4} = {0AB3BF05-4346-4AA6-1389-037BE0695223}
		{58E68497-4E34-4157-8E33-E9D0FF5D0ACF} = {0AB3BF05-4346-4AA6-1389-037BE0695223}
	EndGlobalSection
EndGlobal
